
Microsoft Visual Studio Solution File, Format Version 12.00
# Visual Studio Version 17
VisualStudioVersion = 17.5.002.0
MinimumVisualStudioVersion = 10.0.40219.1
Project("{9A19103F-16F7-4668-BE54-9A1E7A4F7556}") = "MyCSharpApp", "MyCSharpApp.csproj", "{0721267D-BFAE-4BAD-AA48-41CBF9DBC91D}"
EndProject
Global
	GlobalSection(SolutionConfigurationPlatforms) = preSolution
		Debug|Any CPU = Debug|Any CPU
		Release|Any CPU = Release|Any CPU
	EndGlobalSection
	GlobalSection(ProjectConfigurationPlatforms) = postSolution
		{0721267D-BFAE-4BAD-AA48-41CBF9DBC91D}.Debug|Any CPU.ActiveCfg = Debug|Any CPU
		{0721267D-BFAE-4BAD-AA48-41CBF9DBC91D}.Debug|Any CPU.Build.0 = Debug|Any CPU
		{0721267D-BFAE-4BAD-AA48-41CBF9DBC91D}.Release|Any CPU.ActiveCfg = Release|Any CPU
		{0721267D-BFAE-4BAD-AA48-41CBF9DBC91D}.Release|Any CPU.Build.0 = Release|Any CPU
	EndGlobalSection
	GlobalSection(SolutionProperties) = preSolution
		HideSolutionNode = FALSE
	EndGlobalSection
	GlobalSection(ExtensibilityGlobals) = postSolution
		SolutionGuid = {1509C723-7895-444D-8292-E501BBB9740D}
	EndGlobalSection
EndGlobal
